
Microsoft Visual Studio Solution File, Format Version 12.00
# Visual Studio Version 17
VisualStudioVersion = 17.7.34221.43
MinimumVisualStudioVersion = 10.0.40219.1
Project("{8BC9CEB8-8B4A-11D0-8D11-00A0C91BC942}") = "SimpleMocTest", "SimpleMocTest\SimpleMocTest.vcxproj", "{60F61246-6064-446A-99E7-5B59A4E7D039}"
EndProject
Global
	GlobalSection(SolutionConfigurationPlatforms) = preSolution
		Debug|x64 = Debug|x64
		Debug|x86 = Debug|x86
		Release|x64 = Release|x64
		Release|x86 = Release|x86
	EndGlobalSection
	GlobalSection(ProjectConfigurationPlatforms) = postSolution
		{60F61246-6064-446A-99E7-5B59A4E7D039}.Debug|x64.ActiveCfg = Debug|x64
		{60F61246-6064-446A-99E7-5B59A4E7D039}.Debug|x64.Build.0 = Debug|x64
		{60F61246-6064-446A-99E7-5B59A4E7D039}.Debug|x86.ActiveCfg = Debug|Win32
		{60F61246-6064-446A-99E7-5B59A4E7D039}.Debug|x86.Build.0 = Debug|Win32
		{60F61246-6064-446A-99E7-5B59A4E7D039}.Release|x64.ActiveCfg = Release|x64
		{60F61246-6064-446A-99E7-5B59A4E7D039}.Release|x64.Build.0 = Release|x64
		{60F61246-6064-446A-99E7-5B59A4E7D039}.Release|x86.ActiveCfg = Release|Win32
		{60F61246-6064-446A-99E7-5B59A4E7D039}.Release|x86.Build.0 = Release|Win32
	EndGlobalSection
	GlobalSection(SolutionProperties) = preSolution
		HideSolutionNode = FALSE
	EndGlobalSection
	GlobalSection(ExtensibilityGlobals) = postSolution
		SolutionGuid = {F95190A5-052F-47AA-8FC4-74E2F9E6AEF0}
	EndGlobalSection
EndGlobal
